
Microsoft Visual Studio Solution File, Format Version 12.00
# Visual Studio Version 17
VisualStudioVersion = 17.10.35122.118
MinimumVisualStudioVersion = 10.0.40219.1
Project("{9A19103F-16F7-4668-BE54-9A1E7A4F7556}") = "Sheenam.Api", "Sheenam.Api\Sheenam.Api.csproj", "{2963580F-8107-4329-9AEF-A00DA09D88F6}"
EndProject
Project("{9A19103F-16F7-4668-BE54-9A1E7A4F7556}") = "Sheenam.Api.Unit.Tests", "Sheenam.Api.Unit.Tests\Sheenam.Api.Unit.Tests.csproj", "{1BAC0F63-59F8-4630-93A1-3C9C3184603D}"
EndProject
Project("{FAE04EC0-301F-11D3-BF4B-00C04F79EFBC}") = "Sheenam.Api.Infrastructure.Build", "Sheenam.Api.Infrastructure.Build\Sheenam.Api.Infrastructure.Build.csproj", "{8AB193F4-F895-4A07-88A0-FB7296CCDFD5}"
EndProject
Global
	GlobalSection(SolutionConfigurationPlatforms) = preSolution
		Debug|Any CPU = Debug|Any CPU
		Release|Any CPU = Release|Any CPU
	EndGlobalSection
	GlobalSection(ProjectConfigurationPlatforms) = postSolution
		{2963580F-8107-4329-9AEF-A00DA09D88F6}.Debug|Any CPU.ActiveCfg = Debug|Any CPU
		{2963580F-8107-4329-9AEF-A00DA09D88F6}.Debug|Any CPU.Build.0 = Debug|Any CPU
		{2963580F-8107-4329-9AEF-A00DA09D88F6}.Release|Any CPU.ActiveCfg = Release|Any CPU
		{2963580F-8107-4329-9AEF-A00DA09D88F6}.Release|Any CPU.Build.0 = Release|Any CPU
		{1BAC0F63-59F8-4630-93A1-3C9C3184603D}.Debug|Any CPU.ActiveCfg = Debug|Any CPU
		{1BAC0F63-59F8-4630-93A1-3C9C3184603D}.Debug|Any CPU.Build.0 = Debug|Any CPU
		{1BAC0F63-59F8-4630-93A1-3C9C3184603D}.Release|Any CPU.ActiveCfg = Release|Any CPU
		{1BAC0F63-59F8-4630-93A1-3C9C3184603D}.Release|Any CPU.Build.0 = Release|Any CPU
		{8AB193F4-F895-4A07-88A0-FB7296CCDFD5}.Debug|Any CPU.ActiveCfg = Debug|Any CPU
		{8AB193F4-F895-4A07-88A0-FB7296CCDFD5}.Debug|Any CPU.Build.0 = Debug|Any CPU
		{8AB193F4-F895-4A07-88A0-FB7296CCDFD5}.Release|Any CPU.ActiveCfg = Release|Any CPU
		{8AB193F4-F895-4A07-88A0-FB7296CCDFD5}.Release|Any CPU.Build.0 = Release|Any CPU
	EndGlobalSection
	GlobalSection(SolutionProperties) = preSolution
		HideSolutionNode = FALSE
	EndGlobalSection
	GlobalSection(ExtensibilityGlobals) = postSolution
		SolutionGuid = {E6ACFD8E-8F5E-4C64-977E-365258126158}
	EndGlobalSection
EndGlobal
